
Microsoft Visual Studio Solution File, Format Version 12.00
# Visual Studio Version 17
VisualStudioVersion = 17.11.35312.102
MinimumVisualStudioVersion = 10.0.40219.1
Project("{FAE04EC0-301F-11D3-BF4B-00C04F79EFBC}") = "OldPhonePad", "OldPhonePad.csproj", "{5F2DE423-24DA-4680-BC71-0664978435CF}"
EndProject
Project("{FAE04EC0-301F-11D3-BF4B-00C04F79EFBC}") = "OldPhonePadTest", "OldPhonePadTest\OldPhonePadTest.csproj", "{EB4D3468-B603-434B-A00B-C734B2243523}"
	ProjectSection(ProjectDependencies) = postProject
		{5F2DE423-24DA-4680-BC71-0664978435CF} = {5F2DE423-24DA-4680-BC71-0664978435CF}
	EndProjectSection
EndProject
Global
	GlobalSection(SolutionConfigurationPlatforms) = preSolution
		Debug|Any CPU = Debug|Any CPU
		Release|Any CPU = Release|Any CPU
	EndGlobalSection
	GlobalSection(ProjectConfigurationPlatforms) = postSolution
		{5F2DE423-24DA-4680-BC71-0664978435CF}.Debug|Any CPU.ActiveCfg = Debug|Any CPU
		{5F2DE423-24DA-4680-BC71-0664978435CF}.Debug|Any CPU.Build.0 = Debug|Any CPU
		{5F2DE423-24DA-4680-BC71-0664978435CF}.Release|Any CPU.ActiveCfg = Release|Any CPU
		{5F2DE423-24DA-4680-BC71-0664978435CF}.Release|Any CPU.Build.0 = Release|Any CPU
		{EB4D3468-B603-434B-A00B-C734B2243523}.Debug|Any CPU.ActiveCfg = Debug|Any CPU
		{EB4D3468-B603-434B-A00B-C734B2243523}.Debug|Any CPU.Build.0 = Debug|Any CPU
		{EB4D3468-B603-434B-A00B-C734B2243523}.Release|Any CPU.ActiveCfg = Release|Any CPU
		{EB4D3468-B603-434B-A00B-C734B2243523}.Release|Any CPU.Build.0 = Release|Any CPU
	EndGlobalSection
	GlobalSection(SolutionProperties) = preSolution
		HideSolutionNode = FALSE
	EndGlobalSection
	GlobalSection(ExtensibilityGlobals) = postSolution
		SolutionGuid = {DEFC2AB7-F979-4274-9FFD-F62FED0A6E67}
	EndGlobalSection
EndGlobal
